// !$*UTF8*$!
{
	archiveVersion = 1;
	classes = {
	};
	objectVersion = 55;
	objects = {

/* Begin PBXBuildFile section */
		BD549D9B286B58710021546E /* AppDelegate.swift in Sources */ = {isa = PBXBuildFile; fileRef = BD549D9A286B58710021546E /* AppDelegate.swift */; };
		BD549D9D286B58710021546E /* SceneDelegate.swift in Sources */ = {isa = PBXBuildFile; fileRef = BD549D9C286B58710021546E /* SceneDelegate.swift */; };
		BD549D9F286B58710021546E /* ViewController.swift in Sources */ = {isa = PBXBuildFile; fileRef = BD549D9E286B58710021546E /* ViewController.swift */; };
		BD549DA2286B58710021546E /* Main.storyboard in Resources */ = {isa = PBXBuildFile; fileRef = BD549DA0286B58710021546E /* Main.storyboard */; };
		BD549DA5286B58710021546E /* Gitproj.xcdatamodeld in Sources */ = {isa = PBXBuildFile; fileRef = BD549DA3286B58710021546E /* Gitproj.xcdatamodeld */; };
		BD549DA7286B58730021546E /* Assets.xcassets in Resources */ = {isa = PBXBuildFile; fileRef = BD549DA6286B58730021546E /* Assets.xcassets */; };
		BD549DAA286B58730021546E /* LaunchScreen.storyboard in Resources */ = {isa = PBXBuildFile; fileRef = BD549DA8286B58730021546E /* LaunchScreen.storyboard */; };
		BD549DB5286B58740021546E /* GitprojTests.swift in Sources */ = {isa = PBXBuildFile; fileRef = BD549DB4286B58740021546E /* GitprojTests.swift */; };
		BD549DBF286B58740021546E /* GitprojUITests.swift in Sources */ = {isa = PBXBuildFile; fileRef = BD549DBE286B58740021546E /* GitprojUITests.swift */; };
		BD549DC1286B58740021546E /* GitprojUITestsLaunchTests.swift in Sources */ = {isa = PBXBuildFile; fileRef = BD549DC0286B58740021546E /* GitprojUITestsLaunchTests.swift */; };
/* End PBXBuildFile section */

/* Begin PBXContainerItemProxy section */
		BD549DB1286B58740021546E /* PBXContainerItemProxy */ = {
			isa = PBXContainerItemProxy;
			containerPortal = BD549D8F286B58710021546E /* Project object */;
			proxyType = 1;
			remoteGlobalIDString = BD549D96286B58710021546E;
			remoteInfo = Gitproj;
		};
		BD549DBB286B58740021546E /* PBXContainerItemProxy */ = {
			isa = PBXContainerItemProxy;
			containerPortal = BD549D8F286B58710021546E /* Project object */;
			proxyType = 1;
			remoteGlobalIDString = BD549D96286B58710021546E;
			remoteInfo = Gitproj;
		};
/* End PBXContainerItemProxy section */

/* Begin PBXFileReference section */
		BD549D97286B58710021546E /* Gitproj.app */ = {isa = PBXFileReference; explicitFileType = wrapper.application; includeInIndex = 0; path = Gitproj.app; sourceTree = BUILT_PRODUCTS_DIR; };
		BD549D9A286B58710021546E /* AppDelegate.swift */ = {isa = PBXFileReference; lastKnownFileType = sourcecode.swift; path = AppDelegate.swift; sourceTree = "<group>"; };
		BD549D9C286B58710021546E /* SceneDelegate.swift */ = {isa = PBXFileReference; lastKnownFileType = sourcecode.swift; path = SceneDelegate.swift; sourceTree = "<group>"; };
		BD549D9E286B58710021546E /* ViewController.swift */ = {isa = PBXFileReference; lastKnownFileType = sourcecode.swift; path = ViewController.swift; sourceTree = "<group>"; };
		BD549DA1286B58710021546E /* Base */ = {isa = PBXFileReference; lastKnownFileType = file.storyboard; name = Base; path = Base.lproj/Main.storyboard; sourceTree = "<group>"; };
		BD549DA4286B58710021546E /* Gitproj.xcdatamodel */ = {isa = PBXFileReference; lastKnownFileType = wrapper.xcdatamodel; path = Gitproj.xcdatamodel; sourceTree = "<group>"; };
		BD549DA6286B58730021546E /* Assets.xcassets */ = {isa = PBXFileReference; lastKnownFileType = folder.assetcatalog; path = Assets.xcassets; sourceTree = "<group>"; };
		BD549DA9286B58730021546E /* Base */ = {isa = PBXFileReference; lastKnownFileType = file.storyboard; name = Base; path = Base.lproj/LaunchScreen.storyboard; sourceTree = "<group>"; };
		BD549DAB286B58730021546E /* Info.plist */ = {isa = PBXFileReference; lastKnownFileType = text.plist.xml; path = Info.plist; sourceTree = "<group>"; };
		BD549DB0286B58740021546E /* GitprojTests.xctest */ = {isa = PBXFileReference; explicitFileType = wrapper.cfbundle; includeInIndex = 0; path = GitprojTests.xctest; sourceTree = BUILT_PRODUCTS_DIR; };
		BD549DB4286B58740021546E /* GitprojTests.swift */ = {isa = PBXFileReference; lastKnownFileType = sourcecode.swift; path = GitprojTests.swift; sourceTree = "<group>"; };
		BD549DBA286B58740021546E /* GitprojUITests.xctest */ = {isa = PBXFileReference; explicitFileType = wrapper.cfbundle; includeInIndex = 0; path = GitprojUITests.xctest; sourceTree = BUILT_PRODUCTS_DIR; };
		BD549DBE286B58740021546E /* GitprojUITests.swift */ = {isa = PBXFileReference; lastKnownFileType = sourcecode.swift; path = GitprojUITests.swift; sourceTree = "<group>"; };
		BD549DC0286B58740021546E /* GitprojUITestsLaunchTests.swift */ = {isa = PBXFileReference; lastKnownFileType = sourcecode.swift; path = GitprojUITestsLaunchTests.swift; sourceTree = "<group>"; };
/* End PBXFileReference section */

/* Begin PBXFrameworksBuildPhase section */
		BD549D94286B58710021546E /* Frameworks */ = {
			isa = PBXFrameworksBuildPhase;
			buildActionMask = 2147483647;
			files = (
			);
			runOnlyForDeploymentPostprocessing = 0;
		};
		BD549DAD286B58740021546E /* Frameworks */ = {
			isa = PBXFrameworksBuildPhase;
			buildActionMask = 2147483647;
			files = (
			);
			runOnlyForDeploymentPostprocessing = 0;
		};
		BD549DB7286B58740021546E /* Frameworks */ = {
			isa = PBXFrameworksBuildPhase;
			buildActionMask = 2147483647;
			files = (
			);
			runOnlyForDeploymentPostprocessing = 0;
		};
/* End PBXFrameworksBuildPhase section */

/* Begin PBXGroup section */
		BD549D8E286B58710021546E = {
			isa = PBXGroup;
			children = (
				BD549D99286B58710021546E /* Gitproj */,
				BD549DB3286B58740021546E /* GitprojTests */,
				BD549DBD286B58740021546E /* GitprojUITests */,
				BD549D98286B58710021546E /* Products */,
			);
			sourceTree = "<group>";
		};
		BD549D98286B58710021546E /* Products */ = {
			isa = PBXGroup;
			children = (
				BD549D97286B58710021546E /* Gitproj.app */,
				BD549DB0286B58740021546E /* GitprojTests.xctest */,
				BD549DBA286B58740021546E /* GitprojUITests.xctest */,
			);
			name = Products;
			sourceTree = "<group>";
		};
		BD549D99286B58710021546E /* Gitproj */ = {
			isa = PBXGroup;
			children = (
				BD549D9A286B58710021546E /* AppDelegate.swift */,
				BD549D9C286B58710021546E /* SceneDelegate.swift */,
				BD549D9E286B58710021546E /* ViewController.swift */,
				BD549DA0286B58710021546E /* Main.storyboard */,
				BD549DA6286B58730021546E /* Assets.xcassets */,
				BD549DA8286B58730021546E /* LaunchScreen.storyboard */,
				BD549DAB286B58730021546E /* Info.plist */,
				BD549DA3286B58710021546E /* Gitproj.xcdatamodeld */,
			);
			path = Gitproj;
			sourceTree = "<group>";
		};
		BD549DB3286B58740021546E /* GitprojTests */ = {
			isa = PBXGroup;
			children = (
				BD549DB4286B58740021546E /* GitprojTests.swift */,
			);
			path = GitprojTests;
			sourceTree = "<group>";
		};
		BD549DBD286B58740021546E /* GitprojUITests */ = {
			isa = PBXGroup;
			children = (
				BD549DBE286B58740021546E /* GitprojUITests.swift */,
				BD549DC0286B58740021546E /* GitprojUITestsLaunchTests.swift */,
			);
			path = GitprojUITests;
			sourceTree = "<group>";
		};
/* End PBXGroup section */

/* Begin PBXNativeTarget section */
		BD549D96286B58710021546E /* Gitproj */ = {
			isa = PBXNativeTarget;
			buildConfigurationList = BD549DC4286B58740021546E /* Build configuration list for PBXNativeTarget "Gitproj" */;
			buildPhases = (
				BD549D93286B58710021546E /* Sources */,
				BD549D94286B58710021546E /* Frameworks */,
				BD549D95286B58710021546E /* Resources */,
			);
			buildRules = (
			);
			dependencies = (
			);
			name = Gitproj;
			productName = Gitproj;
			productReference = BD549D97286B58710021546E /* Gitproj.app */;
			productType = "com.apple.product-type.application";
		};
		BD549DAF286B58740021546E /* GitprojTests */ = {
			isa = PBXNativeTarget;
			buildConfigurationList = BD549DC7286B58740021546E /* Build configuration list for PBXNativeTarget "GitprojTests" */;
			buildPhases = (
				BD549DAC286B58740021546E /* Sources */,
				BD549DAD286B58740021546E /* Frameworks */,
				BD549DAE286B58740021546E /* Resources */,
			);
			buildRules = (
			);
			dependencies = (
				BD549DB2286B58740021546E /* PBXTargetDependency */,
			);
			name = GitprojTests;
			productName = GitprojTests;
			productReference = BD549DB0286B58740021546E /* GitprojTests.xctest */;
			productType = "com.apple.product-type.bundle.unit-test";
		};
		BD549DB9286B58740021546E /* GitprojUITests */ = {
			isa = PBXNativeTarget;
			buildConfigurationList = BD549DCA286B58740021546E /* Build configuration list for PBXNativeTarget "GitprojUITests" */;
			buildPhases = (
				BD549DB6286B58740021546E /* Sources */,
				BD549DB7286B58740021546E /* Frameworks */,
				BD549DB8286B58740021546E /* Resources */,
			);
			buildRules = (
			);
			dependencies = (
				BD549DBC286B58740021546E /* PBXTargetDependency */,
			);
			name = GitprojUITests;
			productName = GitprojUITests;
			productReference = BD549DBA286B58740021546E /* GitprojUITests.xctest */;
			productType = "com.apple.product-type.bundle.ui-testing";
		};
/* End PBXNativeTarget section */

/* Begin PBXProject section */
		BD549D8F286B58710021546E /* Project object */ = {
			isa = PBXProject;
			attributes = {
				BuildIndependentTargetsInParallel = 1;
				LastSwiftUpdateCheck = 1340;
				LastUpgradeCheck = 1340;
				TargetAttributes = {
					BD549D96286B58710021546E = {
						CreatedOnToolsVersion = 13.4.1;
					};
					BD549DAF286B58740021546E = {
						CreatedOnToolsVersion = 13.4.1;
						TestTargetID = BD549D96286B58710021546E;
					};
					BD549DB9286B58740021546E = {
						CreatedOnToolsVersion = 13.4.1;
						TestTargetID = BD549D96286B58710021546E;
					};
				};
			};
			buildConfigurationList = BD549D92286B58710021546E /* Build configuration list for PBXProject "Gitproj" */;
			compatibilityVersion = "Xcode 13.0";
			developmentRegion = en;
			hasScannedForEncodings = 0;
			knownRegions = (
				en,
				Base,
			);
			mainGroup = BD549D8E286B58710021546E;
			productRefGroup = BD549D98286B58710021546E /* Products */;
			projectDirPath = "";
			projectRoot = "";
			targets = (
				BD549D96286B58710021546E /* Gitproj */,
				BD549DAF286B58740021546E /* GitprojTests */,
				BD549DB9286B58740021546E /* GitprojUITests */,
			);
		};
/* End PBXProject section */

/* Begin PBXResourcesBuildPhase section */
		BD549D95286B58710021546E /* Resources */ = {
			isa = PBXResourcesBuildPhase;
			buildActionMask = 2147483647;
			files = (
				BD549DAA286B58730021546E /* LaunchScreen.storyboard in Resources */,
				BD549DA7286B58730021546E /* Assets.xcassets in Resources */,
				BD549DA2286B58710021546E /* Main.storyboard in Resources */,
			);
			runOnlyForDeploymentPostprocessing = 0;
		};
		BD549DAE286B58740021546E /* Resources */ = {
			isa = PBXResourcesBuildPhase;
			buildActionMask = 2147483647;
			files = (
			);
			runOnlyForDeploymentPostprocessing = 0;
		};
		BD549DB8286B58740021546E /* Resources */ = {
			isa = PBXResourcesBuildPhase;
			buildActionMask = 2147483647;
			files = (
			);
			runOnlyForDeploymentPostprocessing = 0;
		};
/* End PBXResourcesBuildPhase section */

/* Begin PBXSourcesBuildPhase section */
		BD549D93286B58710021546E /* Sources */ = {
			isa = PBXSourcesBuildPhase;
			buildActionMask = 2147483647;
			files = (
				BD549D9F286B58710021546E /* ViewController.swift in Sources */,
				BD549D9B286B58710021546E /* AppDelegate.swift in Sources */,
				BD549D9D286B58710021546E /* SceneDelegate.swift in Sources */,
				BD549DA5286B58710021546E /* Gitproj.xcdatamodeld in Sources */,
			);
			runOnlyForDeploymentPostprocessing = 0;
		};
		BD549DAC286B58740021546E /* Sources */ = {
			isa = PBXSourcesBuildPhase;
			buildActionMask = 2147483647;
			files = (
				BD549DB5286B58740021546E /* GitprojTests.swift in Sources */,
			);
			runOnlyForDeploymentPostprocessing = 0;
		};
		BD549DB6286B58740021546E /* Sources */ = {
			isa = PBXSourcesBuildPhase;
			buildActionMask = 2147483647;
			files = (
				BD549DC1286B58740021546E /* GitprojUITestsLaunchTests.swift in Sources */,
				BD549DBF286B58740021546E /* GitprojUITests.swift in Sources */,
			);
			runOnlyForDeploymentPostprocessing = 0;
		};
/* End PBXSourcesBuildPhase section */

/* Begin PBXTargetDependency section */
		BD549DB2286B58740021546E /* PBXTargetDependency */ = {
			isa = PBXTargetDependency;
			target = BD549D96286B58710021546E /* Gitproj */;
			targetProxy = BD549DB1286B58740021546E /* PBXContainerItemProxy */;
		};
		BD549DBC286B58740021546E /* PBXTargetDependency */ = {
			isa = PBXTargetDependency;
			target = BD549D96286B58710021546E /* Gitproj */;
			targetProxy = BD549DBB286B58740021546E /* PBXContainerItemProxy */;
		};
/* End PBXTargetDependency section */

/* Begin PBXVariantGroup section */
		BD549DA0286B58710021546E /* Main.storyboard */ = {
			isa = PBXVariantGroup;
			children = (
				BD549DA1286B58710021546E /* Base */,
			);
			name = Main.storyboard;
			sourceTree = "<group>";
		};
		BD549DA8286B58730021546E /* LaunchScreen.storyboard */ = {
			isa = PBXVariantGroup;
			children = (
				BD549DA9286B58730021546E /* Base */,
			);
			name = LaunchScreen.storyboard;
			sourceTree = "<group>";
		};
/* End PBXVariantGroup section */

/* Begin XCBuildConfiguration section */
		BD549DC2286B58740021546E /* Debug */ = {
			isa = XCBuildConfiguration;
			buildSettings = {
				ALWAYS_SEARCH_USER_PATHS = NO;
				CLANG_ANALYZER_NONNULL = YES;
				CLANG_ANALYZER_NUMBER_OBJECT_CONVERSION = YES_AGGRESSIVE;
				CLANG_CXX_LANGUAGE_STANDARD = "gnu++17";
				CLANG_ENABLE_MODULES = YES;
				CLANG_ENABLE_OBJC_ARC = YES;
				CLANG_ENABLE_OBJC_WEAK = YES;
				CLANG_WARN_BLOCK_CAPTURE_AUTORELEASING = YES;
				CLANG_WARN_BOOL_CONVERSION = YES;
				CLANG_WARN_COMMA = YES;
				CLANG_WARN_CONSTANT_CONVERSION = YES;
				CLANG_WARN_DEPRECATED_OBJC_IMPLEMENTATIONS = YES;
				CLANG_WARN_DIRECT_OBJC_ISA_USAGE = YES_ERROR;
				CLANG_WARN_DOCUMENTATION_COMMENTS = YES;
				CLANG_WARN_EMPTY_BODY = YES;
				CLANG_WARN_ENUM_CONVERSION = YES;
				CLANG_WARN_INFINITE_RECURSION = YES;
				CLANG_WARN_INT_CONVERSION = YES;
				CLANG_WARN_NON_LITERAL_NULL_CONVERSION = YES;
				CLANG_WARN_OBJC_IMPLICIT_RETAIN_SELF = YES;
				CLANG_WARN_OBJC_LITERAL_CONVERSION = YES;
				CLANG_WARN_OBJC_ROOT_CLASS = YES_ERROR;
				CLANG_WARN_QUOTED_INCLUDE_IN_FRAMEWORK_HEADER = YES;
				CLANG_WARN_RANGE_LOOP_ANALYSIS = YES;
				CLANG_WARN_STRICT_PROTOTYPES = YES;
				CLANG_WARN_SUSPICIOUS_MOVE = YES;
				CLANG_WARN_UNGUARDED_AVAILABILITY = YES_AGGRESSIVE;
				CLANG_WARN_UNREACHABLE_CODE = YES;
				CLANG_WARN__DUPLICATE_METHOD_MATCH = YES;
				COPY_PHASE_STRIP = NO;
				DEBUG_INFORMATION_FORMAT = dwarf;
				ENABLE_STRICT_OBJC_MSGSEND = YES;
				ENABLE_TESTABILITY = YES;
				GCC_C_LANGUAGE_STANDARD = gnu11;
				GCC_DYNAMIC_NO_PIC = NO;
				GCC_NO_COMMON_BLOCKS = YES;
				GCC_OPTIMIZATION_LEVEL = 0;
				GCC_PREPROCESSOR_DEFINITIONS = (
					"DEBUG=1",
					"$(inherited)",
				);
				GCC_WARN_64_TO_32_BIT_CONVERSION = YES;
				GCC_WARN_ABOUT_RETURN_TYPE = YES_ERROR;
				GCC_WARN_UNDECLARED_SELECTOR = YES;
				GCC_WARN_UNINITIALIZED_AUTOS = YES_AGGRESSIVE;
				GCC_WARN_UNUSED_FUNCTION = YES;
				GCC_WARN_UNUSED_VARIABLE = YES;
				IPHONEOS_DEPLOYMENT_TARGET = 15.5;
				MTL_ENABLE_DEBUG_INFO = INCLUDE_SOURCE;
				MTL_FAST_MATH = YES;
				ONLY_ACTIVE_ARCH = YES;
				SDKROOT = iphoneos;
				SWIFT_ACTIVE_COMPILATION_CONDITIONS = DEBUG;
				SWIFT_OPTIMIZATION_LEVEL = "-Onone";
			};
			name = Debug;
		};
		BD549DC3286B58740021546E /* Release */ = {
			isa = XCBuildConfiguration;
			buildSettings = {
				ALWAYS_SEARCH_USER_PATHS = NO;
				CLANG_ANALYZER_NONNULL = YES;
				CLANG_ANALYZER_NUMBER_OBJECT_CONVERSION = YES_AGGRESSIVE;
				CLANG_CXX_LANGUAGE_STANDARD = "gnu++17";
				CLANG_ENABLE_MODULES = YES;
				CLANG_ENABLE_OBJC_ARC = YES;
				CLANG_ENABLE_OBJC_WEAK = YES;
				CLANG_WARN_BLOCK_CAPTURE_AUTORELEASING = YES;
				CLANG_WARN_BOOL_CONVERSION = YES;
				CLANG_WARN_COMMA = YES;
				CLANG_WARN_CONSTANT_CONVERSION = YES;
				CLANG_WARN_DEPRECATED_OBJC_IMPLEMENTATIONS = YES;
				CLANG_WARN_DIRECT_OBJC_ISA_USAGE = YES_ERROR;
				CLANG_WARN_DOCUMENTATION_COMMENTS = YES;
				CLANG_WARN_EMPTY_BODY = YES;
				CLANG_WARN_ENUM_CONVERSION = YES;
				CLANG_WARN_INFINITE_RECURSION = YES;
				CLANG_WARN_INT_CONVERSION = YES;
				CLANG_WARN_NON_LITERAL_NULL_CONVERSION = YES;
				CLANG_WARN_OBJC_IMPLICIT_RETAIN_SELF = YES;
				CLANG_WARN_OBJC_LITERAL_CONVERSION = YES;
				CLANG_WARN_OBJC_ROOT_CLASS = YES_ERROR;
				CLANG_WARN_QUOTED_INCLUDE_IN_FRAMEWORK_HEADER = YES;
				CLANG_WARN_RANGE_LOOP_ANALYSIS = YES;
				CLANG_WARN_STRICT_PROTOTYPES = YES;
				CLANG_WARN_SUSPICIOUS_MOVE = YES;
				CLANG_WARN_UNGUARDED_AVAILABILITY = YES_AGGRESSIVE;
				CLANG_WARN_UNREACHABLE_CODE = YES;
				CLANG_WARN__DUPLICATE_METHOD_MATCH = YES;
				COPY_PHASE_STRIP = NO;
				DEBUG_INFORMATION_FORMAT = "dwarf-with-dsym";
				ENABLE_NS_ASSERTIONS = NO;
				ENABLE_STRICT_OBJC_MSGSEND = YES;
				GCC_C_LANGUAGE_STANDARD = gnu11;
				GCC_NO_COMMON_BLOCKS = YES;
				GCC_WARN_64_TO_32_BIT_CONVERSION = YES;
				GCC_WARN_ABOUT_RETURN_TYPE = YES_ERROR;
				GCC_WARN_UNDECLARED_SELECTOR = YES;
				GCC_WARN_UNINITIALIZED_AUTOS = YES_AGGRESSIVE;
				GCC_WARN_UNUSED_FUNCTION = YES;
				GCC_WARN_UNUSED_VARIABLE = YES;
				IPHONEOS_DEPLOYMENT_TARGET = 15.5;
				MTL_ENABLE_DEBUG_INFO = NO;
				MTL_FAST_MATH = YES;
				SDKROOT = iphoneos;
				SWIFT_COMPILATION_MODE = wholemodule;
				SWIFT_OPTIMIZATION_LEVEL = "-O";
				VALIDATE_PRODUCT = YES;
			};
			name = Release;
		};
		BD549DC5286B58740021546E /* Debug */ = {
			isa = XCBuildConfiguration;
			buildSettings = {
				ASSETCATALOG_COMPILER_APPICON_NAME = AppIcon;
				ASSETCATALOG_COMPILER_GLOBAL_ACCENT_COLOR_NAME = AccentColor;
				CODE_SIGN_STYLE = Automatic;
				CURRENT_PROJECT_VERSION = 1;
				GENERATE_INFOPLIST_FILE = YES;
				INFOPLIST_FILE = Gitproj/Info.plist;
				INFOPLIST_KEY_UIApplicationSupportsIndirectInputEvents = YES;
				INFOPLIST_KEY_UILaunchStoryboardName = LaunchScreen;
				INFOPLIST_KEY_UIMainStoryboardFile = Main;
				INFOPLIST_KEY_UISupportedInterfaceOrientations_iPad = "UIInterfaceOrientationPortrait UIInterfaceOrientationPortraitUpsideDown UIInterfaceOrientationLandscapeLeft UIInterfaceOrientationLandscapeRight";
				INFOPLIST_KEY_UISupportedInterfaceOrientations_iPhone = "UIInterfaceOrientationPortrait UIInterfaceOrientationLandscapeLeft UIInterfaceOrientationLandscapeRight";
				LD_RUNPATH_SEARCH_PATHS = (
					"$(inherited)",
					"@executable_path/Frameworks",
				);
				MARKETING_VERSION = 1.0;
				PRODUCT_BUNDLE_IDENTIFIER = KWK.Gitproj;
				PRODUCT_NAME = "$(TARGET_NAME)";
				SWIFT_EMIT_LOC_STRINGS = YES;
				SWIFT_VERSION = 5.0;
				TARGETED_DEVICE_FAMILY = "1,2";
			};
			name = Debug;
		};
		BD549DC6286B58740021546E /* Release */ = {
			isa = XCBuildConfiguration;
			buildSettings = {
				ASSETCATALOG_COMPILER_APPICON_NAME = AppIcon;
				ASSETCATALOG_COMPILER_GLOBAL_ACCENT_COLOR_NAME = AccentColor;
				CODE_SIGN_STYLE = Automatic;
				CURRENT_PROJECT_VERSION = 1;
				GENERATE_INFOPLIST_FILE = YES;
				INFOPLIST_FILE = Gitproj/Info.plist;
				INFOPLIST_KEY_UIApplicationSupportsIndirectInputEvents = YES;
				INFOPLIST_KEY_UILaunchStoryboardName = LaunchScreen;
				INFOPLIST_KEY_UIMainStoryboardFile = Main;
				INFOPLIST_KEY_UISupportedInterfaceOrientations_iPad = "UIInterfaceOrientationPortrait UIInterfaceOrientationPortraitUpsideDown UIInterfaceOrientationLandscapeLeft UIInterfaceOrientationLandscapeRight";
				INFOPLIST_KEY_UISupportedInterfaceOrientations_iPhone = "UIInterfaceOrientationPortrait UIInterfaceOrientationLandscapeLeft UIInterfaceOrientationLandscapeRight";
				LD_RUNPATH_SEARCH_PATHS = (
					"$(inherited)",
					"@executable_path/Frameworks",
				);
				MARKETING_VERSION = 1.0;
				PRODUCT_BUNDLE_IDENTIFIER = KWK.Gitproj;
				PRODUCT_NAME = "$(TARGET_NAME)";
				SWIFT_EMIT_LOC_STRINGS = YES;
				SWIFT_VERSION = 5.0;
				TARGETED_DEVICE_FAMILY = "1,2";
			};
			name = Release;
		};
		BD549DC8286B58740021546E /* Debug */ = {
			isa = XCBuildConfiguration;
			buildSettings = {
				ALWAYS_EMBED_SWIFT_STANDARD_LIBRARIES = YES;
				BUNDLE_LOADER = "$(TEST_HOST)";
				CODE_SIGN_STYLE = Automatic;
				CURRENT_PROJECT_VERSION = 1;
				GENERATE_INFOPLIST_FILE = YES;
				IPHONEOS_DEPLOYMENT_TARGET = 15.5;
				MARKETING_VERSION = 1.0;
				PRODUCT_BUNDLE_IDENTIFIER = KWK.GitprojTests;
				PRODUCT_NAME = "$(TARGET_NAME)";
				SWIFT_EMIT_LOC_STRINGS = NO;
				SWIFT_VERSION = 5.0;
				TARGETED_DEVICE_FAMILY = "1,2";
				TEST_HOST = "$(BUILT_PRODUCTS_DIR)/Gitproj.app/Gitproj";
			};
			name = Debug;
		};
		BD549DC9286B58740021546E /* Release */ = {
			isa = XCBuildConfiguration;
			buildSettings = {
				ALWAYS_EMBED_SWIFT_STANDARD_LIBRARIES = YES;
				BUNDLE_LOADER = "$(TEST_HOST)";
				CODE_SIGN_STYLE = Automatic;
				CURRENT_PROJECT_VERSION = 1;
				GENERATE_INFOPLIST_FILE = YES;
				IPHONEOS_DEPLOYMENT_TARGET = 15.5;
				MARKETING_VERSION = 1.0;
				PRODUCT_BUNDLE_IDENTIFIER = KWK.GitprojTests;
				PRODUCT_NAME = "$(TARGET_NAME)";
				SWIFT_EMIT_LOC_STRINGS = NO;
				SWIFT_VERSION = 5.0;
				TARGETED_DEVICE_FAMILY = "1,2";
				TEST_HOST = "$(BUILT_PRODUCTS_DIR)/Gitproj.app/Gitproj";
			};
			name = Release;
		};
		BD549DCB286B58740021546E /* Debug */ = {
			isa = XCBuildConfiguration;
			buildSettings = {
				ALWAYS_EMBED_SWIFT_STANDARD_LIBRARIES = YES;
				CODE_SIGN_STYLE = Automatic;
				CURRENT_PROJECT_VERSION = 1;
				GENERATE_INFOPLIST_FILE = YES;
				MARKETING_VERSION = 1.0;
				PRODUCT_BUNDLE_IDENTIFIER = KWK.GitprojUITests;
				PRODUCT_NAME = "$(TARGET_NAME)";
				SWIFT_EMIT_LOC_STRINGS = NO;
				SWIFT_VERSION = 5.0;
				TARGETED_DEVICE_FAMILY = "1,2";
				TEST_TARGET_NAME = Gitproj;
			};
			name = Debug;
		};
		BD549DCC286B58740021546E /* Release */ = {
			isa = XCBuildConfiguration;
			buildSettings = {
				ALWAYS_EMBED_SWIFT_STANDARD_LIBRARIES = YES;
				CODE_SIGN_STYLE = Automatic;
				CURRENT_PROJECT_VERSION = 1;
				GENERATE_INFOPLIST_FILE = YES;
				MARKETING_VERSION = 1.0;
				PRODUCT_BUNDLE_IDENTIFIER = KWK.GitprojUITests;
				PRODUCT_NAME = "$(TARGET_NAME)";
				SWIFT_EMIT_LOC_STRINGS = NO;
				SWIFT_VERSION = 5.0;
				TARGETED_DEVICE_FAMILY = "1,2";
				TEST_TARGET_NAME = Gitproj;
			};
			name = Release;
		};
/* End XCBuildConfiguration section */

/* Begin XCConfigurationList section */
		BD549D92286B58710021546E /* Build configuration list for PBXProject "Gitproj" */ = {
			isa = XCConfigurationList;
			buildConfigurations = (
				BD549DC2286B58740021546E /* Debug */,
				BD549DC3286B58740021546E /* Release */,
			);
			defaultConfigurationIsVisible = 0;
			defaultConfigurationName = Release;
		};
		BD549DC4286B58740021546E /* Build configuration list for PBXNativeTarget "Gitproj" */ = {
			isa = XCConfigurationList;
			buildConfigurations = (
				BD549DC5286B58740021546E /* Debug */,
				BD549DC6286B58740021546E /* Release */,
			);
			defaultConfigurationIsVisible = 0;
			defaultConfigurationName = Release;
		};
		BD549DC7286B58740021546E /* Build configuration list for PBXNativeTarget "GitprojTests" */ = {
			isa = XCConfigurationList;
			buildConfigurations = (
				BD549DC8286B58740021546E /* Debug */,
				BD549DC9286B58740021546E /* Release */,
			);
			defaultConfigurationIsVisible = 0;
			defaultConfigurationName = Release;
		};
		BD549DCA286B58740021546E /* Build configuration list for PBXNativeTarget "GitprojUITests" */ = {
			isa = XCConfigurationList;
			buildConfigurations = (
				BD549DCB286B58740021546E /* Debug */,
				BD549DCC286B58740021546E /* Release */,
			);
			defaultConfigurationIsVisible = 0;
			defaultConfigurationName = Release;
		};
/* End XCConfigurationList section */

/* Begin XCVersionGroup section */
		BD549DA3286B58710021546E /* Gitproj.xcdatamodeld */ = {
			isa = XCVersionGroup;
			children = (
				BD549DA4286B58710021546E /* Gitproj.xcdatamodel */,
			);
			currentVersion = BD549DA4286B58710021546E /* Gitproj.xcdatamodel */;
			path = Gitproj.xcdatamodeld;
			sourceTree = "<group>";
			versionGroupType = wrapper.xcdatamodel;
		};
/* End XCVersionGroup section */
	};
	rootObject = BD549D8F286B58710021546E /* Project object */;
}
